
Microsoft Visual Studio Solution File, Format Version 12.00
# Visual Studio 14
VisualStudioVersion = 14.0.23107.0
MinimumVisualStudioVersion = 10.0.40219.1
Project("{FAE04EC0-301F-11D3-BF4B-00C04F79EFBC}") = "CodeAnalytics", "CodeAnalytics\CodeAnalytics\CodeAnalytics.csproj", "{FBC7536A-C166-41BE-A2E1-1823D59A5072}"
EndProject
Project("{FAE04EC0-301F-11D3-BF4B-00C04F79EFBC}") = "CodeAnalytics.Test", "CodeAnalytics\CodeAnalytics.Test\CodeAnalytics.Test.csproj", "{AE18A461-FC47-48D1-9BE4-E96CCDBA81B6}"
EndProject
Project("{FAE04EC0-301F-11D3-BF4B-00C04F79EFBC}") = "CodeAnalytics.Vsix", "CodeAnalytics\CodeAnalytics.Vsix\CodeAnalytics.Vsix.csproj", "{1CBC0341-C385-440E-96AC-AAB8CD3083C3}"
EndProject
Global
	GlobalSection(SolutionConfigurationPlatforms) = preSolution
		Debug|Any CPU = Debug|Any CPU
		Release|Any CPU = Release|Any CPU
	EndGlobalSection
	GlobalSection(ProjectConfigurationPlatforms) = postSolution
		{FBC7536A-C166-41BE-A2E1-1823D59A5072}.Debug|Any CPU.ActiveCfg = Debug|Any CPU
		{FBC7536A-C166-41BE-A2E1-1823D59A5072}.Debug|Any CPU.Build.0 = Debug|Any CPU
		{FBC7536A-C166-41BE-A2E1-1823D59A5072}.Release|Any CPU.ActiveCfg = Release|Any CPU
		{FBC7536A-C166-41BE-A2E1-1823D59A5072}.Release|Any CPU.Build.0 = Release|Any CPU
		{AE18A461-FC47-48D1-9BE4-E96CCDBA81B6}.Debug|Any CPU.ActiveCfg = Debug|Any CPU
		{AE18A461-FC47-48D1-9BE4-E96CCDBA81B6}.Debug|Any CPU.Build.0 = Debug|Any CPU
		{AE18A461-FC47-48D1-9BE4-E96CCDBA81B6}.Release|Any CPU.ActiveCfg = Release|Any CPU
		{AE18A461-FC47-48D1-9BE4-E96CCDBA81B6}.Release|Any CPU.Build.0 = Release|Any CPU
		{1CBC0341-C385-440E-96AC-AAB8CD3083C3}.Debug|Any CPU.ActiveCfg = Debug|Any CPU
		{1CBC0341-C385-440E-96AC-AAB8CD3083C3}.Debug|Any CPU.Build.0 = Debug|Any CPU
		{1CBC0341-C385-440E-96AC-AAB8CD3083C3}.Release|Any CPU.ActiveCfg = Release|Any CPU
		{1CBC0341-C385-440E-96AC-AAB8CD3083C3}.Release|Any CPU.Build.0 = Release|Any CPU
	EndGlobalSection
	GlobalSection(SolutionProperties) = preSolution
		HideSolutionNode = FALSE
	EndGlobalSection
EndGlobal
